
Microsoft Visual Studio Solution File, Format Version 12.00
# Visual Studio Version 16
VisualStudioVersion = 16.0.30503.244
MinimumVisualStudioVersion = 10.0.40219.1
Project("{FAE04EC0-301F-11D3-BF4B-00C04F79EFBC}") = "Avensia.Pim.Extensions.Runner", "Avensia.Pim.Extensions.Runner\Avensia.Pim.Extensions.Runner.csproj", "{884CCCEE-F3FB-4FC1-8B51-341C55F3BDEF}"
EndProject
Project("{FAE04EC0-301F-11D3-BF4B-00C04F79EFBC}") = "Avensia.CvlToEntity", "Avensia.CvlToEntity\Avensia.CvlToEntity.csproj", "{96A1178A-BEDB-484B-BE9F-70A7B7C20A25}"
EndProject
Global
	GlobalSection(SolutionConfigurationPlatforms) = preSolution
		Debug|Any CPU = Debug|Any CPU
		Release|Any CPU = Release|Any CPU
	EndGlobalSection
	GlobalSection(ProjectConfigurationPlatforms) = postSolution
		{884CCCEE-F3FB-4FC1-8B51-341C55F3BDEF}.Debug|Any CPU.ActiveCfg = Debug|Any CPU
		{884CCCEE-F3FB-4FC1-8B51-341C55F3BDEF}.Debug|Any CPU.Build.0 = Debug|Any CPU
		{884CCCEE-F3FB-4FC1-8B51-341C55F3BDEF}.Release|Any CPU.ActiveCfg = Release|Any CPU
		{884CCCEE-F3FB-4FC1-8B51-341C55F3BDEF}.Release|Any CPU.Build.0 = Release|Any CPU
		{96A1178A-BEDB-484B-BE9F-70A7B7C20A25}.Debug|Any CPU.ActiveCfg = Debug|Any CPU
		{96A1178A-BEDB-484B-BE9F-70A7B7C20A25}.Debug|Any CPU.Build.0 = Debug|Any CPU
		{96A1178A-BEDB-484B-BE9F-70A7B7C20A25}.Release|Any CPU.ActiveCfg = Release|Any CPU
		{96A1178A-BEDB-484B-BE9F-70A7B7C20A25}.Release|Any CPU.Build.0 = Release|Any CPU
	EndGlobalSection
	GlobalSection(SolutionProperties) = preSolution
		HideSolutionNode = FALSE
	EndGlobalSection
	GlobalSection(ExtensibilityGlobals) = postSolution
		SolutionGuid = {DA7DC13F-33DD-412B-8C17-DCC8357B913A}
	EndGlobalSection
EndGlobal
